{
  "originHash" : "0918bcf14dbf25dca361100b60f7b8c22c318128dc69324983843b01865dc850",
  "pins" : [
    {
      "identity" : "snapkit",
      "kind" : "remoteSourceControl",
      "location" : "https://github.com/SnapKit/SnapKit.git",
      "state" : {
        "revision" : "e27a338a03a5f388de759da63f9baf7988ed9e00",
        "version" : "6.0.0"
      }
    },
    {
      "identity" : "tocropviewcontroller",
      "kind" : "remoteSourceControl",
      "location" : "https://github.com/TimOliver/TOCropViewController",
      "state" : {
        "revision" : "98527150c27eef8b695482c9b4ad5bdab1b1cb2b",
        "version" : "3.1.2"
      }
    }
  ],
  "version" : 3
}
